
Microsoft Visual Studio Solution File, Format Version 12.00
# Visual Studio Version 17
VisualStudioVersion = 17.6.33723.286
MinimumVisualStudioVersion = 10.0.40219.1
Project("{9A19103F-16F7-4668-BE54-9A1E7A4F7556}") = "BMT ViewModels", "BMT ViewModels\BMT ViewModels.csproj", "{108A1BF4-3876-4701-991A-EACBC488819D}"
EndProject
Project("{9A19103F-16F7-4668-BE54-9A1E7A4F7556}") = "BMT UTIL", "BMT UTIL\BMT UTIL.csproj", "{21BEB1D9-7A29-4A78-B1DD-76B4EBC09918}"
EndProject
Project("{9A19103F-16F7-4668-BE54-9A1E7A4F7556}") = "BMT Core", "BMT Core\BMT Core.csproj", "{A8F8FFF4-1EAC-419F-82C7-5BBDCCF043CD}"
EndProject
Project("{9A19103F-16F7-4668-BE54-9A1E7A4F7556}") = "BMT Infrastructure", "BMT Infrastructure\BMT Infrastructure.csproj", "{1F73F219-5B01-4F31-BA86-758F6403A3F7}"
EndProject
Project("{9A19103F-16F7-4668-BE54-9A1E7A4F7556}") = "BMT Application", "BMT Application\BMT Application.csproj", "{DC85C960-A500-40B0-A2CF-BD6C0DB1FB41}"
EndProject
Project("{9A19103F-16F7-4668-BE54-9A1E7A4F7556}") = "bmt.web", "BMT\bmt.web.csproj", "{A76E0B67-9DDA-4EA2-A15D-1B97BAEB5A6D}"
EndProject
Global
	GlobalSection(SolutionConfigurationPlatforms) = preSolution
		Debug|Any CPU = Debug|Any CPU
		Release|Any CPU = Release|Any CPU
	EndGlobalSection
	GlobalSection(ProjectConfigurationPlatforms) = postSolution
		{108A1BF4-3876-4701-991A-EACBC488819D}.Debug|Any CPU.ActiveCfg = Debug|Any CPU
		{108A1BF4-3876-4701-991A-EACBC488819D}.Debug|Any CPU.Build.0 = Debug|Any CPU
		{108A1BF4-3876-4701-991A-EACBC488819D}.Release|Any CPU.ActiveCfg = Release|Any CPU
		{108A1BF4-3876-4701-991A-EACBC488819D}.Release|Any CPU.Build.0 = Release|Any CPU
		{21BEB1D9-7A29-4A78-B1DD-76B4EBC09918}.Debug|Any CPU.ActiveCfg = Debug|Any CPU
		{21BEB1D9-7A29-4A78-B1DD-76B4EBC09918}.Debug|Any CPU.Build.0 = Debug|Any CPU
		{21BEB1D9-7A29-4A78-B1DD-76B4EBC09918}.Release|Any CPU.ActiveCfg = Release|Any CPU
		{21BEB1D9-7A29-4A78-B1DD-76B4EBC09918}.Release|Any CPU.Build.0 = Release|Any CPU
		{A8F8FFF4-1EAC-419F-82C7-5BBDCCF043CD}.Debug|Any CPU.ActiveCfg = Debug|Any CPU
		{A8F8FFF4-1EAC-419F-82C7-5BBDCCF043CD}.Debug|Any CPU.Build.0 = Debug|Any CPU
		{A8F8FFF4-1EAC-419F-82C7-5BBDCCF043CD}.Release|Any CPU.ActiveCfg = Release|Any CPU
		{A8F8FFF4-1EAC-419F-82C7-5BBDCCF043CD}.Release|Any CPU.Build.0 = Release|Any CPU
		{1F73F219-5B01-4F31-BA86-758F6403A3F7}.Debug|Any CPU.ActiveCfg = Debug|Any CPU
		{1F73F219-5B01-4F31-BA86-758F6403A3F7}.Debug|Any CPU.Build.0 = Debug|Any CPU
		{1F73F219-5B01-4F31-BA86-758F6403A3F7}.Release|Any CPU.ActiveCfg = Release|Any CPU
		{1F73F219-5B01-4F31-BA86-758F6403A3F7}.Release|Any CPU.Build.0 = Release|Any CPU
		{DC85C960-A500-40B0-A2CF-BD6C0DB1FB41}.Debug|Any CPU.ActiveCfg = Debug|Any CPU
		{DC85C960-A500-40B0-A2CF-BD6C0DB1FB41}.Debug|Any CPU.Build.0 = Debug|Any CPU
		{DC85C960-A500-40B0-A2CF-BD6C0DB1FB41}.Release|Any CPU.ActiveCfg = Release|Any CPU
		{DC85C960-A500-40B0-A2CF-BD6C0DB1FB41}.Release|Any CPU.Build.0 = Release|Any CPU
		{A76E0B67-9DDA-4EA2-A15D-1B97BAEB5A6D}.Debug|Any CPU.ActiveCfg = Debug|Any CPU
		{A76E0B67-9DDA-4EA2-A15D-1B97BAEB5A6D}.Debug|Any CPU.Build.0 = Debug|Any CPU
		{A76E0B67-9DDA-4EA2-A15D-1B97BAEB5A6D}.Release|Any CPU.ActiveCfg = Release|Any CPU
		{A76E0B67-9DDA-4EA2-A15D-1B97BAEB5A6D}.Release|Any CPU.Build.0 = Release|Any CPU
	EndGlobalSection
	GlobalSection(SolutionProperties) = preSolution
		HideSolutionNode = FALSE
	EndGlobalSection
	GlobalSection(ExtensibilityGlobals) = postSolution
		SolutionGuid = {902927C9-E272-40C4-82A1-7A388818000B}
	EndGlobalSection
EndGlobal
